
Microsoft Visual Studio Solution File, Format Version 12.00
# Visual Studio Version 17
VisualStudioVersion = 17.13.35806.99 d17.13
MinimumVisualStudioVersion = 10.0.40219.1
Project("{FAE04EC0-301F-11D3-BF4B-00C04F79EFBC}") = "ParkingAPI", "ParkingAPI.csproj", "{4523DE8A-681A-47D9-8358-AB4D3E6737B2}"
EndProject
Global
	GlobalSection(SolutionConfigurationPlatforms) = preSolution
		Debug|Any CPU = Debug|Any CPU
		Release|Any CPU = Release|Any CPU
	EndGlobalSection
	GlobalSection(ProjectConfigurationPlatforms) = postSolution
		{4523DE8A-681A-47D9-8358-AB4D3E6737B2}.Debug|Any CPU.ActiveCfg = Debug|Any CPU
		{4523DE8A-681A-47D9-8358-AB4D3E6737B2}.Debug|Any CPU.Build.0 = Debug|Any CPU
		{4523DE8A-681A-47D9-8358-AB4D3E6737B2}.Release|Any CPU.ActiveCfg = Release|Any CPU
		{4523DE8A-681A-47D9-8358-AB4D3E6737B2}.Release|Any CPU.Build.0 = Release|Any CPU
	EndGlobalSection
	GlobalSection(SolutionProperties) = preSolution
		HideSolutionNode = FALSE
	EndGlobalSection
	GlobalSection(ExtensibilityGlobals) = postSolution
		SolutionGuid = {46F3ADF0-4B9D-4A24-9FB4-277416999327}
	EndGlobalSection
EndGlobal
